
Microsoft Visual Studio Solution File, Format Version 12.00
# Visual Studio Version 17
VisualStudioVersion = 17.12.35728.132
MinimumVisualStudioVersion = 10.0.40219.1
Project("{FAE04EC0-301F-11D3-BF4B-00C04F79EFBC}") = "Design.Pattern.Practice", "Design.Pattern.Practice\Design.Pattern.Practice.csproj", "{16728A42-F418-447F-8777-B5E41896C469}"
EndProject
Project("{FAE04EC0-301F-11D3-BF4B-00C04F79EFBC}") = "Singelton.Design.Pattern", "Singelton.Design.Pattern\Singelton.Design.Pattern.csproj", "{091F52D6-2F55-4DAC-9E45-950523D03344}"
EndProject
Project("{FAE04EC0-301F-11D3-BF4B-00C04F79EFBC}") = "Adapter.Design.Pattern", "Adapter.Design.Pattern\Adapter.Design.Pattern.csproj", "{C350397F-9EEA-4EA5-A62C-FC9DBD387377}"
EndProject
Global
	GlobalSection(SolutionConfigurationPlatforms) = preSolution
		Debug|Any CPU = Debug|Any CPU
		Release|Any CPU = Release|Any CPU
	EndGlobalSection
	GlobalSection(ProjectConfigurationPlatforms) = postSolution
		{16728A42-F418-447F-8777-B5E41896C469}.Debug|Any CPU.ActiveCfg = Debug|Any CPU
		{16728A42-F418-447F-8777-B5E41896C469}.Debug|Any CPU.Build.0 = Debug|Any CPU
		{16728A42-F418-447F-8777-B5E41896C469}.Release|Any CPU.ActiveCfg = Release|Any CPU
		{16728A42-F418-447F-8777-B5E41896C469}.Release|Any CPU.Build.0 = Release|Any CPU
		{091F52D6-2F55-4DAC-9E45-950523D03344}.Debug|Any CPU.ActiveCfg = Debug|Any CPU
		{091F52D6-2F55-4DAC-9E45-950523D03344}.Debug|Any CPU.Build.0 = Debug|Any CPU
		{091F52D6-2F55-4DAC-9E45-950523D03344}.Release|Any CPU.ActiveCfg = Release|Any CPU
		{091F52D6-2F55-4DAC-9E45-950523D03344}.Release|Any CPU.Build.0 = Release|Any CPU
		{C350397F-9EEA-4EA5-A62C-FC9DBD387377}.Debug|Any CPU.ActiveCfg = Debug|Any CPU
		{C350397F-9EEA-4EA5-A62C-FC9DBD387377}.Debug|Any CPU.Build.0 = Debug|Any CPU
		{C350397F-9EEA-4EA5-A62C-FC9DBD387377}.Release|Any CPU.ActiveCfg = Release|Any CPU
		{C350397F-9EEA-4EA5-A62C-FC9DBD387377}.Release|Any CPU.Build.0 = Release|Any CPU
	EndGlobalSection
	GlobalSection(SolutionProperties) = preSolution
		HideSolutionNode = FALSE
	EndGlobalSection
EndGlobal
