
Microsoft Visual Studio Solution File, Format Version 12.00
# Visual Studio Version 17
VisualStudioVersion = 17.12.35728.132
MinimumVisualStudioVersion = 10.0.40219.1
Project("{FAE04EC0-301F-11D3-BF4B-00C04F79EFBC}") = "Design.Pattern.Practice", "Design.Pattern.Practice\Design.Pattern.Practice.csproj", "{16728A42-F418-447F-8777-B5E41896C469}"
EndProject
Project("{FAE04EC0-301F-11D3-BF4B-00C04F79EFBC}") = "Singelton.Design.Pattern", "Singelton.Design.Pattern\Singelton.Design.Pattern.csproj", "{091F52D6-2F55-4DAC-9E45-950523D03344}"
EndProject
Project("{FAE04EC0-301F-11D3-BF4B-00C04F79EFBC}") = "Adapter.Design.Pattern", "Adapter.Design.Pattern\Adapter.Design.Pattern.csproj", "{C350397F-9EEA-4EA5-A62C-FC9DBD387377}"
EndProject
Project("{FAE04EC0-301F-11D3-BF4B-00C04F79EFBC}") = "Factory.Design.Pattern", "Factory.Design.Pattern\Factory.Design.Pattern.csproj", "{9E8F3EE8-3160-4225-84D5-944A6018B0F0}"
EndProject
Project("{FAE04EC0-301F-11D3-BF4B-00C04F79EFBC}") = "Abstract.Factory.Design.Pattern", "Abstract.Factory.Design.Pattern\Abstract.Factory.Design.Pattern.csproj", "{32F1F051-9C30-4566-BA0A-BB2E5FA47B4D}"
EndProject
Project("{FAE04EC0-301F-11D3-BF4B-00C04F79EFBC}") = "Factory.Strategy.Pattern", "Factory.Strategy.Pattern\Factory.Strategy.Pattern.csproj", "{C55B31EE-9824-4C62-9170-0D5578A36A8C}"
EndProject
Project("{FAE04EC0-301F-11D3-BF4B-00C04F79EFBC}") = "CQRS.MediatR.Design.Pattern", "CQRS.MediatR.Design.Pattern\CQRS.MediatR.Design.Pattern.csproj", "{66FF4906-BE84-4AB7-BDE5-CE6D657231B0}"
EndProject
Project("{FAE04EC0-301F-11D3-BF4B-00C04F79EFBC}") = "CQRS.MediatR.Event-Driven.Design.Pattern", "CQRS.MediatR.Event-Driven.Design.Pattern\CQRS.MediatR.Event-Driven.Design.Pattern.csproj", "{B77C091C-2D99-4E91-A7D7-860872E45FF3}"
EndProject
Global
	GlobalSection(SolutionConfigurationPlatforms) = preSolution
		Debug|Any CPU = Debug|Any CPU
		Release|Any CPU = Release|Any CPU
	EndGlobalSection
	GlobalSection(ProjectConfigurationPlatforms) = postSolution
		{16728A42-F418-447F-8777-B5E41896C469}.Debug|Any CPU.ActiveCfg = Debug|Any CPU
		{16728A42-F418-447F-8777-B5E41896C469}.Debug|Any CPU.Build.0 = Debug|Any CPU
		{16728A42-F418-447F-8777-B5E41896C469}.Release|Any CPU.ActiveCfg = Release|Any CPU
		{16728A42-F418-447F-8777-B5E41896C469}.Release|Any CPU.Build.0 = Release|Any CPU
		{091F52D6-2F55-4DAC-9E45-950523D03344}.Debug|Any CPU.ActiveCfg = Debug|Any CPU
		{091F52D6-2F55-4DAC-9E45-950523D03344}.Debug|Any CPU.Build.0 = Debug|Any CPU
		{091F52D6-2F55-4DAC-9E45-950523D03344}.Release|Any CPU.ActiveCfg = Release|Any CPU
		{091F52D6-2F55-4DAC-9E45-950523D03344}.Release|Any CPU.Build.0 = Release|Any CPU
		{C350397F-9EEA-4EA5-A62C-FC9DBD387377}.Debug|Any CPU.ActiveCfg = Debug|Any CPU
		{C350397F-9EEA-4EA5-A62C-FC9DBD387377}.Debug|Any CPU.Build.0 = Debug|Any CPU
		{C350397F-9EEA-4EA5-A62C-FC9DBD387377}.Release|Any CPU.ActiveCfg = Release|Any CPU
		{C350397F-9EEA-4EA5-A62C-FC9DBD387377}.Release|Any CPU.Build.0 = Release|Any CPU
		{9E8F3EE8-3160-4225-84D5-944A6018B0F0}.Debug|Any CPU.ActiveCfg = Debug|Any CPU
		{9E8F3EE8-3160-4225-84D5-944A6018B0F0}.Debug|Any CPU.Build.0 = Debug|Any CPU
		{9E8F3EE8-3160-4225-84D5-944A6018B0F0}.Release|Any CPU.ActiveCfg = Release|Any CPU
		{9E8F3EE8-3160-4225-84D5-944A6018B0F0}.Release|Any CPU.Build.0 = Release|Any CPU
		{32F1F051-9C30-4566-BA0A-BB2E5FA47B4D}.Debug|Any CPU.ActiveCfg = Debug|Any CPU
		{32F1F051-9C30-4566-BA0A-BB2E5FA47B4D}.Debug|Any CPU.Build.0 = Debug|Any CPU
		{32F1F051-9C30-4566-BA0A-BB2E5FA47B4D}.Release|Any CPU.ActiveCfg = Release|Any CPU
		{32F1F051-9C30-4566-BA0A-BB2E5FA47B4D}.Release|Any CPU.Build.0 = Release|Any CPU
		{C55B31EE-9824-4C62-9170-0D5578A36A8C}.Debug|Any CPU.ActiveCfg = Debug|Any CPU
		{C55B31EE-9824-4C62-9170-0D5578A36A8C}.Debug|Any CPU.Build.0 = Debug|Any CPU
		{C55B31EE-9824-4C62-9170-0D5578A36A8C}.Release|Any CPU.ActiveCfg = Release|Any CPU
		{C55B31EE-9824-4C62-9170-0D5578A36A8C}.Release|Any CPU.Build.0 = Release|Any CPU
		{66FF4906-BE84-4AB7-BDE5-CE6D657231B0}.Debug|Any CPU.ActiveCfg = Debug|Any CPU
		{66FF4906-BE84-4AB7-BDE5-CE6D657231B0}.Debug|Any CPU.Build.0 = Debug|Any CPU
		{66FF4906-BE84-4AB7-BDE5-CE6D657231B0}.Release|Any CPU.ActiveCfg = Release|Any CPU
		{66FF4906-BE84-4AB7-BDE5-CE6D657231B0}.Release|Any CPU.Build.0 = Release|Any CPU
		{B77C091C-2D99-4E91-A7D7-860872E45FF3}.Debug|Any CPU.ActiveCfg = Debug|Any CPU
		{B77C091C-2D99-4E91-A7D7-860872E45FF3}.Debug|Any CPU.Build.0 = Debug|Any CPU
		{B77C091C-2D99-4E91-A7D7-860872E45FF3}.Release|Any CPU.ActiveCfg = Release|Any CPU
		{B77C091C-2D99-4E91-A7D7-860872E45FF3}.Release|Any CPU.Build.0 = Release|Any CPU
	EndGlobalSection
	GlobalSection(SolutionProperties) = preSolution
		HideSolutionNode = FALSE
	EndGlobalSection
EndGlobal
